
Microsoft Visual Studio Solution File, Format Version 12.00
# Visual Studio Version 16
VisualStudioVersion = 16.0.30320.27
MinimumVisualStudioVersion = 10.0.40219.1
Project("{9A19103F-16F7-4668-BE54-9A1E7A4F7556}") = "Report.Api", "Report.Api\Report.Api.csproj", "{8F1028D5-2E78-48BE-AEF6-C51B567D01A3}"
EndProject
Project("{FAE04EC0-301F-11D3-BF4B-00C04F79EFBC}") = "Report.Core", "Report.Core\Report.Core.csproj", "{5AD56934-90B0-45E3-B7DE-A20FC92DB12D}"
EndProject
Global
	GlobalSection(SolutionConfigurationPlatforms) = preSolution
		Debug|Any CPU = Debug|Any CPU
		Release|Any CPU = Release|Any CPU
	EndGlobalSection
	GlobalSection(ProjectConfigurationPlatforms) = postSolution
		{8F1028D5-2E78-48BE-AEF6-C51B567D01A3}.Debug|Any CPU.ActiveCfg = Debug|Any CPU
		{8F1028D5-2E78-48BE-AEF6-C51B567D01A3}.Debug|Any CPU.Build.0 = Debug|Any CPU
		{8F1028D5-2E78-48BE-AEF6-C51B567D01A3}.Release|Any CPU.ActiveCfg = Release|Any CPU
		{8F1028D5-2E78-48BE-AEF6-C51B567D01A3}.Release|Any CPU.Build.0 = Release|Any CPU
		{5AD56934-90B0-45E3-B7DE-A20FC92DB12D}.Debug|Any CPU.ActiveCfg = Debug|Any CPU
		{5AD56934-90B0-45E3-B7DE-A20FC92DB12D}.Debug|Any CPU.Build.0 = Debug|Any CPU
		{5AD56934-90B0-45E3-B7DE-A20FC92DB12D}.Release|Any CPU.ActiveCfg = Release|Any CPU
		{5AD56934-90B0-45E3-B7DE-A20FC92DB12D}.Release|Any CPU.Build.0 = Release|Any CPU
	EndGlobalSection
	GlobalSection(SolutionProperties) = preSolution
		HideSolutionNode = FALSE
	EndGlobalSection
	GlobalSection(ExtensibilityGlobals) = postSolution
		SolutionGuid = {BC885307-54C6-4AF8-9E98-EAE97D51AD1A}
	EndGlobalSection
EndGlobal
